
Microsoft Visual Studio Solution File, Format Version 12.00
# Visual Studio Version 17
VisualStudioVersion = 17.9.34728.123
MinimumVisualStudioVersion = 10.0.40219.1
Project("{FAE04EC0-301F-11D3-BF4B-00C04F79EFBC}") = "BakingG", "BakingG.csproj", "{AE7BB973-B5E9-4188-9CBF-C75AF736AD20}"
EndProject
Global
	GlobalSection(SolutionConfigurationPlatforms) = preSolution
		Debug|Any CPU = Debug|Any CPU
		Release|Any CPU = Release|Any CPU
	EndGlobalSection
	GlobalSection(ProjectConfigurationPlatforms) = postSolution
		{AE7BB973-B5E9-4188-9CBF-C75AF736AD20}.Debug|Any CPU.ActiveCfg = Debug|Any CPU
		{AE7BB973-B5E9-4188-9CBF-C75AF736AD20}.Debug|Any CPU.Build.0 = Debug|Any CPU
		{AE7BB973-B5E9-4188-9CBF-C75AF736AD20}.Release|Any CPU.ActiveCfg = Release|Any CPU
		{AE7BB973-B5E9-4188-9CBF-C75AF736AD20}.Release|Any CPU.Build.0 = Release|Any CPU
	EndGlobalSection
	GlobalSection(SolutionProperties) = preSolution
		HideSolutionNode = FALSE
	EndGlobalSection
	GlobalSection(ExtensibilityGlobals) = postSolution
		SolutionGuid = {81DD9A3C-B86C-4B87-87A3-E2EA09C33342}
	EndGlobalSection
EndGlobal
